{
  "name": "vite-project",
  "version": "0.0.0",
  "lockfileVersion": 1,
  "requires": true,
  "dependencies": {
    "@react-spring/animated": {
      "version": "9.4.5",
      "resolved": "https://registry.npmjs.org/@react-spring/animated/-/animated-9.4.5.tgz",
      "integrity": "sha512-KWqrtvJSMx6Fj9nMJkhTwM9r6LIriExDRV6YHZV9HKQsaolUFppgkOXpC+rsL1JEtEvKv6EkLLmSqHTnuYjiIA==",
      "requires": {
        "@react-spring/shared": "~9.4.5",
        "@react-spring/types": "~9.4.5"
      }
    },
    "@react-spring/core": {
      "version": "9.4.5",
      "resolved": "https://registry.npmjs.org/@react-spring/core/-/core-9.4.5.tgz",
      "integrity": "sha512-83u3FzfQmGMJFwZLAJSwF24/ZJctwUkWtyPD7KYtNagrFeQKUH1I05ZuhmCmqW+2w1KDW1SFWQ43RawqfXKiiQ==",
      "requires": {
        "@react-spring/animated": "~9.4.5",
        "@react-spring/rafz": "~9.4.5",
        "@react-spring/shared": "~9.4.5",
        "@react-spring/types": "~9.4.5"
      }
    },
    "@react-spring/parallax": {
      "version": "9.4.5",
      "resolved": "https://registry.npmjs.org/@react-spring/parallax/-/parallax-9.4.5.tgz",
      "integrity": "sha512-oN677+AFie3rpoD/02m6FXu5RARabztJTs1SywrmeLQlFJtx/gGL9eqSgUWbTtBQ3wV7FDzJ9knjkTwFLW8GPA==",
      "requires": {
        "@react-spring/shared": "~9.4.5",
        "@react-spring/web": "~9.4.5"
      }
    },
    "@react-spring/rafz": {
      "version": "9.4.5",
      "resolved": "https://registry.npmjs.org/@react-spring/rafz/-/rafz-9.4.5.tgz",
      "integrity": "sha512-swGsutMwvnoyTRxvqhfJBtGM8Ipx6ks0RkIpNX9F/U7XmyPvBMGd3GgX/mqxZUpdlsuI1zr/jiYw+GXZxAlLcQ=="
    },
    "@react-spring/shared": {
      "version": "9.4.5",
      "resolved": "https://registry.npmjs.org/@react-spring/shared/-/shared-9.4.5.tgz",
      "integrity": "sha512-JhMh3nFKsqyag0KM5IIM8BQANGscTdd0mMv3BXsUiMZrcjQTskyfnv5qxEeGWbJGGar52qr5kHuBHtCjQOzniA==",
      "requires": {
        "@react-spring/rafz": "~9.4.5",
        "@react-spring/types": "~9.4.5"
      }
    },
    "@react-spring/types": {
      "version": "9.4.5",
      "resolved": "https://registry.npmjs.org/@react-spring/types/-/types-9.4.5.tgz",
      "integrity": "sha512-mpRIamoHwql0ogxEUh9yr4TP0xU5CWyZxVQeccGkHHF8kPMErtDXJlxyo0lj+telRF35XNihtPTWoflqtyARmg=="
    },
    "@react-spring/web": {
      "version": "9.4.5",
      "resolved": "https://registry.npmjs.org/@react-spring/web/-/web-9.4.5.tgz",
      "integrity": "sha512-NGAkOtKmOzDEctL7MzRlQGv24sRce++0xAY7KlcxmeVkR7LRSGkoXHaIfm9ObzxPMcPHQYQhf3+X9jepIFNHQA==",
      "requires": {
        "@react-spring/animated": "~9.4.5",
        "@react-spring/core": "~9.4.5",
        "@react-spring/shared": "~9.4.5",
        "@react-spring/types": "~9.4.5"
      }
    }
  }
}
